
Microsoft Visual Studio Solution File, Format Version 12.00
# Visual Studio Version 17
VisualStudioVersion = 17.3.32825.248
MinimumVisualStudioVersion = 10.0.40219.1
Project("{9A19103F-16F7-4668-BE54-9A1E7A4F7556}") = "FIK.DAL", "FIK.DAL\FIK.DAL.csproj", "{CCED84B6-DCED-4495-9A41-EF67FBA13E55}"
EndProject
Project("{9A19103F-16F7-4668-BE54-9A1E7A4F7556}") = "AwsSqsServiceAstha", "AwsSqsServiceAstha\AwsSqsServiceAstha.csproj", "{785A1DE6-3C56-41B1-933E-618528AFDF21}"
EndProject
Global
	GlobalSection(SolutionConfigurationPlatforms) = preSolution
		Debug|Any CPU = Debug|Any CPU
		Release|Any CPU = Release|Any CPU
	EndGlobalSection
	GlobalSection(ProjectConfigurationPlatforms) = postSolution
		{CCED84B6-DCED-4495-9A41-EF67FBA13E55}.Debug|Any CPU.ActiveCfg = Debug|Any CPU
		{CCED84B6-DCED-4495-9A41-EF67FBA13E55}.Debug|Any CPU.Build.0 = Debug|Any CPU
		{CCED84B6-DCED-4495-9A41-EF67FBA13E55}.Release|Any CPU.ActiveCfg = Release|Any CPU
		{CCED84B6-DCED-4495-9A41-EF67FBA13E55}.Release|Any CPU.Build.0 = Release|Any CPU
		{785A1DE6-3C56-41B1-933E-618528AFDF21}.Debug|Any CPU.ActiveCfg = Debug|Any CPU
		{785A1DE6-3C56-41B1-933E-618528AFDF21}.Debug|Any CPU.Build.0 = Debug|Any CPU
		{785A1DE6-3C56-41B1-933E-618528AFDF21}.Release|Any CPU.ActiveCfg = Release|Any CPU
		{785A1DE6-3C56-41B1-933E-618528AFDF21}.Release|Any CPU.Build.0 = Release|Any CPU
	EndGlobalSection
	GlobalSection(SolutionProperties) = preSolution
		HideSolutionNode = FALSE
	EndGlobalSection
	GlobalSection(ExtensibilityGlobals) = postSolution
		SolutionGuid = {EC6BD101-1618-4B3E-9A2C-6C236BC709F8}
		VisualSVNWorkingCopyRoot = .
	EndGlobalSection
EndGlobal
